
Microsoft Visual Studio Solution File, Format Version 12.00
# Visual Studio Version 17
VisualStudioVersion = 17.7.34009.444
MinimumVisualStudioVersion = 10.0.40219.1
Project("{FAE04EC0-301F-11D3-BF4B-00C04F79EFBC}") = "Chat Distribuido", "Chat Distribuido.csproj", "{821CB8D4-6BC1-42D7-99B5-07AEFB7EE07E}"
EndProject
Global
	GlobalSection(SolutionConfigurationPlatforms) = preSolution
		Debug|Any CPU = Debug|Any CPU
		Release|Any CPU = Release|Any CPU
	EndGlobalSection
	GlobalSection(ProjectConfigurationPlatforms) = postSolution
		{821CB8D4-6BC1-42D7-99B5-07AEFB7EE07E}.Debug|Any CPU.ActiveCfg = Debug|Any CPU
		{821CB8D4-6BC1-42D7-99B5-07AEFB7EE07E}.Debug|Any CPU.Build.0 = Debug|Any CPU
		{821CB8D4-6BC1-42D7-99B5-07AEFB7EE07E}.Release|Any CPU.ActiveCfg = Release|Any CPU
		{821CB8D4-6BC1-42D7-99B5-07AEFB7EE07E}.Release|Any CPU.Build.0 = Release|Any CPU
	EndGlobalSection
	GlobalSection(SolutionProperties) = preSolution
		HideSolutionNode = FALSE
	EndGlobalSection
	GlobalSection(ExtensibilityGlobals) = postSolution
		SolutionGuid = {18246D2B-E946-4076-9AA6-AD784EDABCD8}
	EndGlobalSection
EndGlobal
